// !$*UTF8*$!
{
	archiveVersion = 1;
	classes = {
	};
	objectVersion = 46;
	objects = {

/* Begin PBXBuildFile section */
		43EE2CD01C32E33A00851EC5 /* main.m in Sources */ = {isa = PBXBuildFile; fileRef = 43EE2CCF1C32E33A00851EC5 /* main.m */; };
		43EE2CD31C32E33A00851EC5 /* AppDelegate.m in Sources */ = {isa = PBXBuildFile; fileRef = 43EE2CD21C32E33A00851EC5 /* AppDelegate.m */; };
		43EE2CD61C32E33A00851EC5 /* ViewController.m in Sources */ = {isa = PBXBuildFile; fileRef = 43EE2CD51C32E33A00851EC5 /* ViewController.m */; };
		43EE2CD91C32E33A00851EC5 /* Main.storyboard in Resources */ = {isa = PBXBuildFile; fileRef = 43EE2CD71C32E33A00851EC5 /* Main.storyboard */; };
		43EE2CDB1C32E33A00851EC5 /* Assets.xcassets in Resources */ = {isa = PBXBuildFile; fileRef = 43EE2CDA1C32E33A00851EC5 /* Assets.xcassets */; };
		43EE2CDE1C32E33A00851EC5 /* LaunchScreen.storyboard in Resources */ = {isa = PBXBuildFile; fileRef = 43EE2CDC1C32E33A00851EC5 /* LaunchScreen.storyboard */; };
		43EE2CE91C32E33B00851EC5 /* pruebadosTests.m in Sources */ = {isa = PBXBuildFile; fileRef = 43EE2CE81C32E33B00851EC5 /* pruebadosTests.m */; };
		43EE2CF41C32E33B00851EC5 /* pruebadosUITests.m in Sources */ = {isa = PBXBuildFile; fileRef = 43EE2CF31C32E33B00851EC5 /* pruebadosUITests.m */; };
/* End PBXBuildFile section */

/* Begin PBXContainerItemProxy section */
		43EE2CE51C32E33B00851EC5 /* PBXContainerItemProxy */ = {
			isa = PBXContainerItemProxy;
			containerPortal = 43EE2CC31C32E33A00851EC5 /* Project object */;
			proxyType = 1;
			remoteGlobalIDString = 43EE2CCA1C32E33A00851EC5;
			remoteInfo = pruebados;
		};
		43EE2CF01C32E33B00851EC5 /* PBXContainerItemProxy */ = {
			isa = PBXContainerItemProxy;
			containerPortal = 43EE2CC31C32E33A00851EC5 /* Project object */;
			proxyType = 1;
			remoteGlobalIDString = 43EE2CCA1C32E33A00851EC5;
			remoteInfo = pruebados;
		};
/* End PBXContainerItemProxy section */

/* Begin PBXFileReference section */
		43EE2CCB1C32E33A00851EC5 /* pruebados.app */ = {isa = PBXFileReference; explicitFileType = wrapper.application; includeInIndex = 0; path = pruebados.app; sourceTree = BUILT_PRODUCTS_DIR; };
		43EE2CCF1C32E33A00851EC5 /* main.m */ = {isa = PBXFileReference; lastKnownFileType = sourcecode.c.objc; path = main.m; sourceTree = "<group>"; };
		43EE2CD11C32E33A00851EC5 /* AppDelegate.h */ = {isa = PBXFileReference; lastKnownFileType = sourcecode.c.h; path = AppDelegate.h; sourceTree = "<group>"; };
		43EE2CD21C32E33A00851EC5 /* AppDelegate.m */ = {isa = PBXFileReference; lastKnownFileType = sourcecode.c.objc; path = AppDelegate.m; sourceTree = "<group>"; };
		43EE2CD41C32E33A00851EC5 /* ViewController.h */ = {isa = PBXFileReference; lastKnownFileType = sourcecode.c.h; path = ViewController.h; sourceTree = "<group>"; };
		43EE2CD51C32E33A00851EC5 /* ViewController.m */ = {isa = PBXFileReference; lastKnownFileType = sourcecode.c.objc; path = ViewController.m; sourceTree = "<group>"; };
		43EE2CD81C32E33A00851EC5 /* Base */ = {isa = PBXFileReference; lastKnownFileType = file.storyboard; name = Base; path = Base.lproj/Main.storyboard; sourceTree = "<group>"; };
		43EE2CDA1C32E33A00851EC5 /* Assets.xcassets */ = {isa = PBXFileReference; lastKnownFileType = folder.assetcatalog; path = Assets.xcassets; sourceTree = "<group>"; };
		43EE2CDD1C32E33A00851EC5 /* Base */ = {isa = PBXFileReference; lastKnownFileType = file.storyboard; name = Base; path = Base.lproj/LaunchScreen.storyboard; sourceTree = "<group>"; };
		43EE2CDF1C32E33A00851EC5 /* Info.plist */ = {isa = PBXFileReference; lastKnownFileType = text.plist.xml; path = Info.plist; sourceTree = "<group>"; };
		43EE2CE41C32E33B00851EC5 /* pruebadosTests.xctest */ = {isa = PBXFileReference; explicitFileType = wrapper.cfbundle; includeInIndex = 0; path = pruebadosTests.xctest; sourceTree = BUILT_PRODUCTS_DIR; };
		43EE2CE81C32E33B00851EC5 /* pruebadosTests.m */ = {isa = PBXFileReference; lastKnownFileType = sourcecode.c.objc; path = pruebadosTests.m; sourceTree = "<group>"; };
		43EE2CEA1C32E33B00851EC5 /* Info.plist */ = {isa = PBXFileReference; lastKnownFileType = text.plist.xml; path = Info.plist; sourceTree = "<group>"; };
		43EE2CEF1C32E33B00851EC5 /* pruebadosUITests.xctest */ = {isa = PBXFileReference; explicitFileType = wrapper.cfbundle; includeInIndex = 0; path = pruebadosUITests.xctest; sourceTree = BUILT_PRODUCTS_DIR; };
		43EE2CF31C32E33B00851EC5 /* pruebadosUITests.m */ = {isa = PBXFileReference; lastKnownFileType = sourcecode.c.objc; path = pruebadosUITests.m; sourceTree = "<group>"; };
		43EE2CF51C32E33B00851EC5 /* Info.plist */ = {isa = PBXFileReference; lastKnownFileType = text.plist.xml; path = Info.plist; sourceTree = "<group>"; };
/* End PBXFileReference section */

/* Begin PBXFrameworksBuildPhase section */
		43EE2CC81C32E33A00851EC5 /* Frameworks */ = {
			isa = PBXFrameworksBuildPhase;
			buildActionMask = 2147483647;
			files = (
			);
			runOnlyForDeploymentPostprocessing = 0;
		};
		43EE2CE11C32E33B00851EC5 /* Frameworks */ = {
			isa = PBXFrameworksBuildPhase;
			buildActionMask = 2147483647;
			files = (
			);
			runOnlyForDeploymentPostprocessing = 0;
		};
		43EE2CEC1C32E33B00851EC5 /* Frameworks */ = {
			isa = PBXFrameworksBuildPhase;
			buildActionMask = 2147483647;
			files = (
			);
			runOnlyForDeploymentPostprocessing = 0;
		};
/* End PBXFrameworksBuildPhase section */

/* Begin PBXGroup section */
		43EE2CC21C32E33A00851EC5 = {
			isa = PBXGroup;
			children = (
				43EE2CCD1C32E33A00851EC5 /* pruebados */,
				43EE2CE71C32E33B00851EC5 /* pruebadosTests */,
				43EE2CF21C32E33B00851EC5 /* pruebadosUITests */,
				43EE2CCC1C32E33A00851EC5 /* Products */,
			);
			sourceTree = "<group>";
		};
		43EE2CCC1C32E33A00851EC5 /* Products */ = {
			isa = PBXGroup;
			children = (
				43EE2CCB1C32E33A00851EC5 /* pruebados.app */,
				43EE2CE41C32E33B00851EC5 /* pruebadosTests.xctest */,
				43EE2CEF1C32E33B00851EC5 /* pruebadosUITests.xctest */,
			);
			name = Products;
			sourceTree = "<group>";
		};
		43EE2CCD1C32E33A00851EC5 /* pruebados */ = {
			isa = PBXGroup;
			children = (
				43EE2CD11C32E33A00851EC5 /* AppDelegate.h */,
				43EE2CD21C32E33A00851EC5 /* AppDelegate.m */,
				43EE2CD41C32E33A00851EC5 /* ViewController.h */,
				43EE2CD51C32E33A00851EC5 /* ViewController.m */,
				43EE2CD71C32E33A00851EC5 /* Main.storyboard */,
				43EE2CDA1C32E33A00851EC5 /* Assets.xcassets */,
				43EE2CDC1C32E33A00851EC5 /* LaunchScreen.storyboard */,
				43EE2CDF1C32E33A00851EC5 /* Info.plist */,
				43EE2CCE1C32E33A00851EC5 /* Supporting Files */,
			);
			path = pruebados;
			sourceTree = "<group>";
		};
		43EE2CCE1C32E33A00851EC5 /* Supporting Files */ = {
			isa = PBXGroup;
			children = (
				43EE2CCF1C32E33A00851EC5 /* main.m */,
			);
			name = "Supporting Files";
			sourceTree = "<group>";
		};
		43EE2CE71C32E33B00851EC5 /* pruebadosTests */ = {
			isa = PBXGroup;
			children = (
				43EE2CE81C32E33B00851EC5 /* pruebadosTests.m */,
				43EE2CEA1C32E33B00851EC5 /* Info.plist */,
			);
			path = pruebadosTests;
			sourceTree = "<group>";
		};
		43EE2CF21C32E33B00851EC5 /* pruebadosUITests */ = {
			isa = PBXGroup;
			children = (
				43EE2CF31C32E33B00851EC5 /* pruebadosUITests.m */,
				43EE2CF51C32E33B00851EC5 /* Info.plist */,
			);
			path = pruebadosUITests;
			sourceTree = "<group>";
		};
/* End PBXGroup section */

/* Begin PBXNativeTarget section */
		43EE2CCA1C32E33A00851EC5 /* pruebados */ = {
			isa = PBXNativeTarget;
			buildConfigurationList = 43EE2CF81C32E33B00851EC5 /* Build configuration list for PBXNativeTarget "pruebados" */;
			buildPhases = (
				43EE2CC71C32E33A00851EC5 /* Sources */,
				43EE2CC81C32E33A00851EC5 /* Frameworks */,
				43EE2CC91C32E33A00851EC5 /* Resources */,
			);
			buildRules = (
			);
			dependencies = (
			);
			name = pruebados;
			productName = pruebados;
			productReference = 43EE2CCB1C32E33A00851EC5 /* pruebados.app */;
			productType = "com.apple.product-type.application";
		};
		43EE2CE31C32E33B00851EC5 /* pruebadosTests */ = {
			isa = PBXNativeTarget;
			buildConfigurationList = 43EE2CFB1C32E33B00851EC5 /* Build configuration list for PBXNativeTarget "pruebadosTests" */;
			buildPhases = (
				43EE2CE01C32E33B00851EC5 /* Sources */,
				43EE2CE11C32E33B00851EC5 /* Frameworks */,
				43EE2CE21C32E33B00851EC5 /* Resources */,
			);
			buildRules = (
			);
			dependencies = (
				43EE2CE61C32E33B00851EC5 /* PBXTargetDependency */,
			);
			name = pruebadosTests;
			productName = pruebadosTests;
			productReference = 43EE2CE41C32E33B00851EC5 /* pruebadosTests.xctest */;
			productType = "com.apple.product-type.bundle.unit-test";
		};
		43EE2CEE1C32E33B00851EC5 /* pruebadosUITests */ = {
			isa = PBXNativeTarget;
			buildConfigurationList = 43EE2CFE1C32E33B00851EC5 /* Build configuration list for PBXNativeTarget "pruebadosUITests" */;
			buildPhases = (
				43EE2CEB1C32E33B00851EC5 /* Sources */,
				43EE2CEC1C32E33B00851EC5 /* Frameworks */,
				43EE2CED1C32E33B00851EC5 /* Resources */,
			);
			buildRules = (
			);
			dependencies = (
				43EE2CF11C32E33B00851EC5 /* PBXTargetDependency */,
			);
			name = pruebadosUITests;
			productName = pruebadosUITests;
			productReference = 43EE2CEF1C32E33B00851EC5 /* pruebadosUITests.xctest */;
			productType = "com.apple.product-type.bundle.ui-testing";
		};
/* End PBXNativeTarget section */

/* Begin PBXProject section */
		43EE2CC31C32E33A00851EC5 /* Project object */ = {
			isa = PBXProject;
			attributes = {
				LastUpgradeCheck = 0720;
				ORGANIZATIONNAME = "Antonio Moreno";
				TargetAttributes = {
					43EE2CCA1C32E33A00851EC5 = {
						CreatedOnToolsVersion = 7.2;
					};
					43EE2CE31C32E33B00851EC5 = {
						CreatedOnToolsVersion = 7.2;
						TestTargetID = 43EE2CCA1C32E33A00851EC5;
					};
					43EE2CEE1C32E33B00851EC5 = {
						CreatedOnToolsVersion = 7.2;
						TestTargetID = 43EE2CCA1C32E33A00851EC5;
					};
				};
			};
			buildConfigurationList = 43EE2CC61C32E33A00851EC5 /* Build configuration list for PBXProject "pruebados" */;
			compatibilityVersion = "Xcode 3.2";
			developmentRegion = English;
			hasScannedForEncodings = 0;
			knownRegions = (
				en,
				Base,
			);
			mainGroup = 43EE2CC21C32E33A00851EC5;
			productRefGroup = 43EE2CCC1C32E33A00851EC5 /* Products */;
			projectDirPath = "";
			projectRoot = "";
			targets = (
				43EE2CCA1C32E33A00851EC5 /* pruebados */,
				43EE2CE31C32E33B00851EC5 /* pruebadosTests */,
				43EE2CEE1C32E33B00851EC5 /* pruebadosUITests */,
			);
		};
/* End PBXProject section */

/* Begin PBXResourcesBuildPhase section */
		43EE2CC91C32E33A00851EC5 /* Resources */ = {
			isa = PBXResourcesBuildPhase;
			buildActionMask = 2147483647;
			files = (
				43EE2CDE1C32E33A00851EC5 /* LaunchScreen.storyboard in Resources */,
				43EE2CDB1C32E33A00851EC5 /* Assets.xcassets in Resources */,
				43EE2CD91C32E33A00851EC5 /* Main.storyboard in Resources */,
			);
			runOnlyForDeploymentPostprocessing = 0;
		};
		43EE2CE21C32E33B00851EC5 /* Resources */ = {
			isa = PBXResourcesBuildPhase;
			buildActionMask = 2147483647;
			files = (
			);
			runOnlyForDeploymentPostprocessing = 0;
		};
		43EE2CED1C32E33B00851EC5 /* Resources */ = {
			isa = PBXResourcesBuildPhase;
			buildActionMask = 2147483647;
			files = (
			);
			runOnlyForDeploymentPostprocessing = 0;
		};
/* End PBXResourcesBuildPhase section */

/* Begin PBXSourcesBuildPhase section */
		43EE2CC71C32E33A00851EC5 /* Sources */ = {
			isa = PBXSourcesBuildPhase;
			buildActionMask = 2147483647;
			files = (
				43EE2CD61C32E33A00851EC5 /* ViewController.m in Sources */,
				43EE2CD31C32E33A00851EC5 /* AppDelegate.m in Sources */,
				43EE2CD01C32E33A00851EC5 /* main.m in Sources */,
			);
			runOnlyForDeploymentPostprocessing = 0;
		};
		43EE2CE01C32E33B00851EC5 /* Sources */ = {
			isa = PBXSourcesBuildPhase;
			buildActionMask = 2147483647;
			files = (
				43EE2CE91C32E33B00851EC5 /* pruebadosTests.m in Sources */,
			);
			runOnlyForDeploymentPostprocessing = 0;
		};
		43EE2CEB1C32E33B00851EC5 /* Sources */ = {
			isa = PBXSourcesBuildPhase;
			buildActionMask = 2147483647;
			files = (
				43EE2CF41C32E33B00851EC5 /* pruebadosUITests.m in Sources */,
			);
			runOnlyForDeploymentPostprocessing = 0;
		};
/* End PBXSourcesBuildPhase section */

/* Begin PBXTargetDependency section */
		43EE2CE61C32E33B00851EC5 /* PBXTargetDependency */ = {
			isa = PBXTargetDependency;
			target = 43EE2CCA1C32E33A00851EC5 /* pruebados */;
			targetProxy = 43EE2CE51C32E33B00851EC5 /* PBXContainerItemProxy */;
		};
		43EE2CF11C32E33B00851EC5 /* PBXTargetDependency */ = {
			isa = PBXTargetDependency;
			target = 43EE2CCA1C32E33A00851EC5 /* pruebados */;
			targetProxy = 43EE2CF01C32E33B00851EC5 /* PBXContainerItemProxy */;
		};
/* End PBXTargetDependency section */

/* Begin PBXVariantGroup section */
		43EE2CD71C32E33A00851EC5 /* Main.storyboard */ = {
			isa = PBXVariantGroup;
			children = (
				43EE2CD81C32E33A00851EC5 /* Base */,
			);
			name = Main.storyboard;
			sourceTree = "<group>";
		};
		43EE2CDC1C32E33A00851EC5 /* LaunchScreen.storyboard */ = {
			isa = PBXVariantGroup;
			children = (
				43EE2CDD1C32E33A00851EC5 /* Base */,
			);
			name = LaunchScreen.storyboard;
			sourceTree = "<group>";
		};
/* End PBXVariantGroup section */

/* Begin XCBuildConfiguration section */
		43EE2CF61C32E33B00851EC5 /* Debug */ = {
			isa = XCBuildConfiguration;
			buildSettings = {
				ALWAYS_SEARCH_USER_PATHS = NO;
				CLANG_CXX_LANGUAGE_STANDARD = "gnu++0x";
				CLANG_CXX_LIBRARY = "libc++";
				CLANG_ENABLE_MODULES = YES;
				CLANG_ENABLE_OBJC_ARC = YES;
				CLANG_WARN_BOOL_CONVERSION = YES;
				CLANG_WARN_CONSTANT_CONVERSION = YES;
				CLANG_WARN_DIRECT_OBJC_ISA_USAGE = YES_ERROR;
				CLANG_WARN_EMPTY_BODY = YES;
				CLANG_WARN_ENUM_CONVERSION = YES;
				CLANG_WARN_INT_CONVERSION = YES;
				CLANG_WARN_OBJC_ROOT_CLASS = YES_ERROR;
				CLANG_WARN_UNREACHABLE_CODE = YES;
				CLANG_WARN__DUPLICATE_METHOD_MATCH = YES;
				"CODE_SIGN_IDENTITY[sdk=iphoneos*]" = "iPhone Developer";
				COPY_PHASE_STRIP = NO;
				DEBUG_INFORMATION_FORMAT = dwarf;
				ENABLE_STRICT_OBJC_MSGSEND = YES;
				ENABLE_TESTABILITY = YES;
				GCC_C_LANGUAGE_STANDARD = gnu99;
				GCC_DYNAMIC_NO_PIC = NO;
				GCC_NO_COMMON_BLOCKS = YES;
				GCC_OPTIMIZATION_LEVEL = 0;
				GCC_PREPROCESSOR_DEFINITIONS = (
					"DEBUG=1",
					"$(inherited)",
				);
				GCC_WARN_64_TO_32_BIT_CONVERSION = YES;
				GCC_WARN_ABOUT_RETURN_TYPE = YES_ERROR;
				GCC_WARN_UNDECLARED_SELECTOR = YES;
				GCC_WARN_UNINITIALIZED_AUTOS = YES_AGGRESSIVE;
				GCC_WARN_UNUSED_FUNCTION = YES;
				GCC_WARN_UNUSED_VARIABLE = YES;
				IPHONEOS_DEPLOYMENT_TARGET = 9.2;
				MTL_ENABLE_DEBUG_INFO = YES;
				ONLY_ACTIVE_ARCH = YES;
				SDKROOT = iphoneos;
				TARGETED_DEVICE_FAMILY = "1,2";
			};
			name = Debug;
		};
		43EE2CF71C32E33B00851EC5 /* Release */ = {
			isa = XCBuildConfiguration;
			buildSettings = {
				ALWAYS_SEARCH_USER_PATHS = NO;
				CLANG_CXX_LANGUAGE_STANDARD = "gnu++0x";
				CLANG_CXX_LIBRARY = "libc++";
				CLANG_ENABLE_MODULES = YES;
				CLANG_ENABLE_OBJC_ARC = YES;
				CLANG_WARN_BOOL_CONVERSION = YES;
				CLANG_WARN_CONSTANT_CONVERSION = YES;
				CLANG_WARN_DIRECT_OBJC_ISA_USAGE = YES_ERROR;
				CLANG_WARN_EMPTY_BODY = YES;
				CLANG_WARN_ENUM_CONVERSION = YES;
				CLANG_WARN_INT_CONVERSION = YES;
				CLANG_WARN_OBJC_ROOT_CLASS = YES_ERROR;
				CLANG_WARN_UNREACHABLE_CODE = YES;
				CLANG_WARN__DUPLICATE_METHOD_MATCH = YES;
				"CODE_SIGN_IDENTITY[sdk=iphoneos*]" = "iPhone Developer";
				COPY_PHASE_STRIP = NO;
				DEBUG_INFORMATION_FORMAT = "dwarf-with-dsym";
				ENABLE_NS_ASSERTIONS = NO;
				ENABLE_STRICT_OBJC_MSGSEND = YES;
				GCC_C_LANGUAGE_STANDARD = gnu99;
				GCC_NO_COMMON_BLOCKS = YES;
				GCC_WARN_64_TO_32_BIT_CONVERSION = YES;
				GCC_WARN_ABOUT_RETURN_TYPE = YES_ERROR;
				GCC_WARN_UNDECLARED_SELECTOR = YES;
				GCC_WARN_UNINITIALIZED_AUTOS = YES_AGGRESSIVE;
				GCC_WARN_UNUSED_FUNCTION = YES;
				GCC_WARN_UNUSED_VARIABLE = YES;
				IPHONEOS_DEPLOYMENT_TARGET = 9.2;
				MTL_ENABLE_DEBUG_INFO = NO;
				SDKROOT = iphoneos;
				TARGETED_DEVICE_FAMILY = "1,2";
				VALIDATE_PRODUCT = YES;
			};
			name = Release;
		};
		43EE2CF91C32E33B00851EC5 /* Debug */ = {
			isa = XCBuildConfiguration;
			buildSettings = {
				ASSETCATALOG_COMPILER_APPICON_NAME = AppIcon;
				INFOPLIST_FILE = pruebados/Info.plist;
				LD_RUNPATH_SEARCH_PATHS = "$(inherited) @executable_path/Frameworks";
				PRODUCT_BUNDLE_IDENTIFIER = programas.pruebados;
				PRODUCT_NAME = "$(TARGET_NAME)";
			};
			name = Debug;
		};
		43EE2CFA1C32E33B00851EC5 /* Release */ = {
			isa = XCBuildConfiguration;
			buildSettings = {
				ASSETCATALOG_COMPILER_APPICON_NAME = AppIcon;
				INFOPLIST_FILE = pruebados/Info.plist;
				LD_RUNPATH_SEARCH_PATHS = "$(inherited) @executable_path/Frameworks";
				PRODUCT_BUNDLE_IDENTIFIER = programas.pruebados;
				PRODUCT_NAME = "$(TARGET_NAME)";
			};
			name = Release;
		};
		43EE2CFC1C32E33B00851EC5 /* Debug */ = {
			isa = XCBuildConfiguration;
			buildSettings = {
				BUNDLE_LOADER = "$(TEST_HOST)";
				INFOPLIST_FILE = pruebadosTests/Info.plist;
				LD_RUNPATH_SEARCH_PATHS = "$(inherited) @executable_path/Frameworks @loader_path/Frameworks";
				PRODUCT_BUNDLE_IDENTIFIER = programas.pruebadosTests;
				PRODUCT_NAME = "$(TARGET_NAME)";
				TEST_HOST = "$(BUILT_PRODUCTS_DIR)/pruebados.app/pruebados";
			};
			name = Debug;
		};
		43EE2CFD1C32E33B00851EC5 /* Release */ = {
			isa = XCBuildConfiguration;
			buildSettings = {
				BUNDLE_LOADER = "$(TEST_HOST)";
				INFOPLIST_FILE = pruebadosTests/Info.plist;
				LD_RUNPATH_SEARCH_PATHS = "$(inherited) @executable_path/Frameworks @loader_path/Frameworks";
				PRODUCT_BUNDLE_IDENTIFIER = programas.pruebadosTests;
				PRODUCT_NAME = "$(TARGET_NAME)";
				TEST_HOST = "$(BUILT_PRODUCTS_DIR)/pruebados.app/pruebados";
			};
			name = Release;
		};
		43EE2CFF1C32E33B00851EC5 /* Debug */ = {
			isa = XCBuildConfiguration;
			buildSettings = {
				INFOPLIST_FILE = pruebadosUITests/Info.plist;
				LD_RUNPATH_SEARCH_PATHS = "$(inherited) @executable_path/Frameworks @loader_path/Frameworks";
				PRODUCT_BUNDLE_IDENTIFIER = programas.pruebadosUITests;
				PRODUCT_NAME = "$(TARGET_NAME)";
				TEST_TARGET_NAME = pruebados;
				USES_XCTRUNNER = YES;
			};
			name = Debug;
		};
		43EE2D001C32E33B00851EC5 /* Release */ = {
			isa = XCBuildConfiguration;
			buildSettings = {
				INFOPLIST_FILE = pruebadosUITests/Info.plist;
				LD_RUNPATH_SEARCH_PATHS = "$(inherited) @executable_path/Frameworks @loader_path/Frameworks";
				PRODUCT_BUNDLE_IDENTIFIER = programas.pruebadosUITests;
				PRODUCT_NAME = "$(TARGET_NAME)";
				TEST_TARGET_NAME = pruebados;
				USES_XCTRUNNER = YES;
			};
			name = Release;
		};
/* End XCBuildConfiguration section */

/* Begin XCConfigurationList section */
		43EE2CC61C32E33A00851EC5 /* Build configuration list for PBXProject "pruebados" */ = {
			isa = XCConfigurationList;
			buildConfigurations = (
				43EE2CF61C32E33B00851EC5 /* Debug */,
				43EE2CF71C32E33B00851EC5 /* Release */,
			);
			defaultConfigurationIsVisible = 0;
			defaultConfigurationName = Release;
		};
		43EE2CF81C32E33B00851EC5 /* Build configuration list for PBXNativeTarget "pruebados" */ = {
			isa = XCConfigurationList;
			buildConfigurations = (
				43EE2CF91C32E33B00851EC5 /* Debug */,
				43EE2CFA1C32E33B00851EC5 /* Release */,
			);
			defaultConfigurationIsVisible = 0;
		};
		43EE2CFB1C32E33B00851EC5 /* Build configuration list for PBXNativeTarget "pruebadosTests" */ = {
			isa = XCConfigurationList;
			buildConfigurations = (
				43EE2CFC1C32E33B00851EC5 /* Debug */,
				43EE2CFD1C32E33B00851EC5 /* Release */,
			);
			defaultConfigurationIsVisible = 0;
		};
		43EE2CFE1C32E33B00851EC5 /* Build configuration list for PBXNativeTarget "pruebadosUITests" */ = {
			isa = XCConfigurationList;
			buildConfigurations = (
				43EE2CFF1C32E33B00851EC5 /* Debug */,
				43EE2D001C32E33B00851EC5 /* Release */,
			);
			defaultConfigurationIsVisible = 0;
		};
/* End XCConfigurationList section */
	};
	rootObject = 43EE2CC31C32E33A00851EC5 /* Project object */;
}
